
Microsoft Visual Studio Solution File, Format Version 12.00
# Visual Studio Version 18
VisualStudioVersion = 18.0.11123.170
MinimumVisualStudioVersion = 10.0.40219.1
Project("{FAE04EC0-301F-11D3-BF4B-00C04F79EFBC}") = "DynamicWhere.ex", "DynamicWhere.ex\DynamicWhere.ex.csproj", "{13500694-924E-4D63-90EC-E45FF9C81C38}"
EndProject
Project("{FAE04EC0-301F-11D3-BF4B-00C04F79EFBC}") = "DynamicWhere.API", "DynamicWhere.API\DynamicWhere.API.csproj", "{835B7625-33A3-469F-BD07-A6733AA2C6B6}"
EndProject
Project("{2150E333-8FDC-42A3-9474-1A3956D46DE8}") = "Solution Items", "Solution Items", "{FF6617F1-5748-4031-AF7C-9D73DEE0BE38}"
	ProjectSection(SolutionItems) = preProject
		.editorconfig = .editorconfig
	EndProjectSection
EndProject
Project("{2150E333-8FDC-42A3-9474-1A3956D46DE8}") = "OfficialWebsite", "OfficialWebsite", "{DA6CC27C-10CD-4400-A848-E044DCEC19C3}"
EndProject
Global
	GlobalSection(SolutionConfigurationPlatforms) = preSolution
		Debug|Any CPU = Debug|Any CPU
		Release|Any CPU = Release|Any CPU
	EndGlobalSection
	GlobalSection(ProjectConfigurationPlatforms) = postSolution
		{13500694-924E-4D63-90EC-E45FF9C81C38}.Debug|Any CPU.ActiveCfg = Debug|Any CPU
		{13500694-924E-4D63-90EC-E45FF9C81C38}.Debug|Any CPU.Build.0 = Debug|Any CPU
		{13500694-924E-4D63-90EC-E45FF9C81C38}.Release|Any CPU.ActiveCfg = Release|Any CPU
		{13500694-924E-4D63-90EC-E45FF9C81C38}.Release|Any CPU.Build.0 = Release|Any CPU
		{835B7625-33A3-469F-BD07-A6733AA2C6B6}.Debug|Any CPU.ActiveCfg = Debug|Any CPU
		{835B7625-33A3-469F-BD07-A6733AA2C6B6}.Debug|Any CPU.Build.0 = Debug|Any CPU
		{835B7625-33A3-469F-BD07-A6733AA2C6B6}.Release|Any CPU.ActiveCfg = Release|Any CPU
		{835B7625-33A3-469F-BD07-A6733AA2C6B6}.Release|Any CPU.Build.0 = Release|Any CPU
	EndGlobalSection
	GlobalSection(SolutionProperties) = preSolution
		HideSolutionNode = FALSE
	EndGlobalSection
	GlobalSection(ExtensibilityGlobals) = postSolution
		SolutionGuid = {F9F9724F-55E5-4DBA-B17E-E2936391ECC0}
	EndGlobalSection
EndGlobal
