
Microsoft Visual Studio Solution File, Format Version 12.00
# Visual Studio Version 17
VisualStudioVersion = 17.6.33815.320
MinimumVisualStudioVersion = 10.0.40219.1
Project("{FAE04EC0-301F-11D3-BF4B-00C04F79EFBC}") = "DynamicWhere.ex", "DynamicWhere.ex\DynamicWhere.ex.csproj", "{13500694-924E-4D63-90EC-E45FF9C81C38}"
EndProject
Global
	GlobalSection(SolutionConfigurationPlatforms) = preSolution
		Debug|Any CPU = Debug|Any CPU
		Release|Any CPU = Release|Any CPU
	EndGlobalSection
	GlobalSection(ProjectConfigurationPlatforms) = postSolution
		{13500694-924E-4D63-90EC-E45FF9C81C38}.Debug|Any CPU.ActiveCfg = Debug|Any CPU
		{13500694-924E-4D63-90EC-E45FF9C81C38}.Debug|Any CPU.Build.0 = Debug|Any CPU
		{13500694-924E-4D63-90EC-E45FF9C81C38}.Release|Any CPU.ActiveCfg = Release|Any CPU
		{13500694-924E-4D63-90EC-E45FF9C81C38}.Release|Any CPU.Build.0 = Release|Any CPU
	EndGlobalSection
	GlobalSection(SolutionProperties) = preSolution
		HideSolutionNode = FALSE
	EndGlobalSection
	GlobalSection(ExtensibilityGlobals) = postSolution
		SolutionGuid = {F9F9724F-55E5-4DBA-B17E-E2936391ECC0}
	EndGlobalSection
EndGlobal
